
Microsoft Visual Studio Solution File, Format Version 12.00
# Visual Studio Version 17
VisualStudioVersion = 17.0.32112.339
MinimumVisualStudioVersion = 10.0.40219.1
Project("{FAE04EC0-301F-11D3-BF4B-00C04F79EFBC}") = "ChatApplication", "ChatApplication\ChatApplication.csproj", "{59839304-24F1-4637-A34B-F8910ED8E48A}"
EndProject
Global
	GlobalSection(SolutionConfigurationPlatforms) = preSolution
		Debug|Any CPU = Debug|Any CPU
		Release|Any CPU = Release|Any CPU
	EndGlobalSection
	GlobalSection(ProjectConfigurationPlatforms) = postSolution
		{59839304-24F1-4637-A34B-F8910ED8E48A}.Debug|Any CPU.ActiveCfg = Debug|Any CPU
		{59839304-24F1-4637-A34B-F8910ED8E48A}.Debug|Any CPU.Build.0 = Debug|Any CPU
		{59839304-24F1-4637-A34B-F8910ED8E48A}.Release|Any CPU.ActiveCfg = Release|Any CPU
		{59839304-24F1-4637-A34B-F8910ED8E48A}.Release|Any CPU.Build.0 = Release|Any CPU
	EndGlobalSection
	GlobalSection(SolutionProperties) = preSolution
		HideSolutionNode = FALSE
	EndGlobalSection
	GlobalSection(ExtensibilityGlobals) = postSolution
		SolutionGuid = {A9910B0A-4943-4CDE-B8E3-82CEE9C23523}
	EndGlobalSection
EndGlobal
